// !$*UTF8*$!
{
	archiveVersion = 1;
	classes = {
	};
	objectVersion = 46;
	objects = {

/* Begin PBXBuildFile section */
		8A9BCC581DA00497002C7081 /* AppDelegate.swift in Sources */ = {isa = PBXBuildFile; fileRef = 8A9BCC571DA00497002C7081 /* AppDelegate.swift */; };
		8A9BCC5A1DA00497002C7081 /* ViewController.swift in Sources */ = {isa = PBXBuildFile; fileRef = 8A9BCC591DA00497002C7081 /* ViewController.swift */; };
		8A9BCC5D1DA00497002C7081 /* Main.storyboard in Resources */ = {isa = PBXBuildFile; fileRef = 8A9BCC5B1DA00497002C7081 /* Main.storyboard */; };
		8A9BCC5F1DA00497002C7081 /* Assets.xcassets in Resources */ = {isa = PBXBuildFile; fileRef = 8A9BCC5E1DA00497002C7081 /* Assets.xcassets */; };
		8A9BCC621DA00497002C7081 /* LaunchScreen.storyboard in Resources */ = {isa = PBXBuildFile; fileRef = 8A9BCC601DA00497002C7081 /* LaunchScreen.storyboard */; };
/* End PBXBuildFile section */

/* Begin PBXFileReference section */
		8A9BCC541DA00497002C7081 /* DestroytheWorld.app */ = {isa = PBXFileReference; explicitFileType = wrapper.application; includeInIndex = 0; path = DestroytheWorld.app; sourceTree = BUILT_PRODUCTS_DIR; };
		8A9BCC571DA00497002C7081 /* AppDelegate.swift */ = {isa = PBXFileReference; lastKnownFileType = sourcecode.swift; path = AppDelegate.swift; sourceTree = "<group>"; };
		8A9BCC591DA00497002C7081 /* ViewController.swift */ = {isa = PBXFileReference; lastKnownFileType = sourcecode.swift; path = ViewController.swift; sourceTree = "<group>"; };
		8A9BCC5C1DA00497002C7081 /* Base */ = {isa = PBXFileReference; lastKnownFileType = file.storyboard; name = Base; path = Base.lproj/Main.storyboard; sourceTree = "<group>"; };
		8A9BCC5E1DA00497002C7081 /* Assets.xcassets */ = {isa = PBXFileReference; lastKnownFileType = folder.assetcatalog; path = Assets.xcassets; sourceTree = "<group>"; };
		8A9BCC611DA00497002C7081 /* Base */ = {isa = PBXFileReference; lastKnownFileType = file.storyboard; name = Base; path = Base.lproj/LaunchScreen.storyboard; sourceTree = "<group>"; };
		8A9BCC631DA00497002C7081 /* Info.plist */ = {isa = PBXFileReference; lastKnownFileType = text.plist.xml; path = Info.plist; sourceTree = "<group>"; };
/* End PBXFileReference section */

/* Begin PBXFrameworksBuildPhase section */
		8A9BCC511DA00497002C7081 /* Frameworks */ = {
			isa = PBXFrameworksBuildPhase;
			buildActionMask = 2147483647;
			files = (
			);
			runOnlyForDeploymentPostprocessing = 0;
		};
/* End PBXFrameworksBuildPhase section */

/* Begin PBXGroup section */
		8A9BCC4B1DA00497002C7081 = {
			isa = PBXGroup;
			children = (
				8A9BCC561DA00497002C7081 /* DestroytheWorld */,
				8A9BCC551DA00497002C7081 /* Products */,
			);
			sourceTree = "<group>";
		};
		8A9BCC551DA00497002C7081 /* Products */ = {
			isa = PBXGroup;
			children = (
				8A9BCC541DA00497002C7081 /* DestroytheWorld.app */,
			);
			name = Products;
			sourceTree = "<group>";
		};
		8A9BCC561DA00497002C7081 /* DestroytheWorld */ = {
			isa = PBXGroup;
			children = (
				8A9BCC571DA00497002C7081 /* AppDelegate.swift */,
				8A9BCC591DA00497002C7081 /* ViewController.swift */,
				8A9BCC5B1DA00497002C7081 /* Main.storyboard */,
				8A9BCC5E1DA00497002C7081 /* Assets.xcassets */,
				8A9BCC601DA00497002C7081 /* LaunchScreen.storyboard */,
				8A9BCC631DA00497002C7081 /* Info.plist */,
			);
			path = DestroytheWorld;
			sourceTree = "<group>";
		};
/* End PBXGroup section */

/* Begin PBXNativeTarget section */
		8A9BCC531DA00497002C7081 /* DestroytheWorld */ = {
			isa = PBXNativeTarget;
			buildConfigurationList = 8A9BCC661DA00497002C7081 /* Build configuration list for PBXNativeTarget "DestroytheWorld" */;
			buildPhases = (
				8A9BCC501DA00497002C7081 /* Sources */,
				8A9BCC511DA00497002C7081 /* Frameworks */,
				8A9BCC521DA00497002C7081 /* Resources */,
			);
			buildRules = (
			);
			dependencies = (
			);
			name = DestroytheWorld;
			productName = DestroytheWorld;
			productReference = 8A9BCC541DA00497002C7081 /* DestroytheWorld.app */;
			productType = "com.apple.product-type.application";
		};
/* End PBXNativeTarget section */

/* Begin PBXProject section */
		8A9BCC4C1DA00497002C7081 /* Project object */ = {
			isa = PBXProject;
			attributes = {
				LastSwiftUpdateCheck = 0800;
				LastUpgradeCheck = 0800;
				ORGANIZATIONNAME = 11ien;
				TargetAttributes = {
					8A9BCC531DA00497002C7081 = {
						CreatedOnToolsVersion = 8.0;
						ProvisioningStyle = Automatic;
					};
				};
			};
			buildConfigurationList = 8A9BCC4F1DA00497002C7081 /* Build configuration list for PBXProject "DestroytheWorld" */;
			compatibilityVersion = "Xcode 3.2";
			developmentRegion = English;
			hasScannedForEncodings = 0;
			knownRegions = (
				en,
				Base,
			);
			mainGroup = 8A9BCC4B1DA00497002C7081;
			productRefGroup = 8A9BCC551DA00497002C7081 /* Products */;
			projectDirPath = "";
			projectRoot = "";
			targets = (
				8A9BCC531DA00497002C7081 /* DestroytheWorld */,
			);
		};
/* End PBXProject section */

/* Begin PBXResourcesBuildPhase section */
		8A9BCC521DA00497002C7081 /* Resources */ = {
			isa = PBXResourcesBuildPhase;
			buildActionMask = 2147483647;
			files = (
				8A9BCC621DA00497002C7081 /* LaunchScreen.storyboard in Resources */,
				8A9BCC5F1DA00497002C7081 /* Assets.xcassets in Resources */,
				8A9BCC5D1DA00497002C7081 /* Main.storyboard in Resources */,
			);
			runOnlyForDeploymentPostprocessing = 0;
		};
/* End PBXResourcesBuildPhase section */

/* Begin PBXSourcesBuildPhase section */
		8A9BCC501DA00497002C7081 /* Sources */ = {
			isa = PBXSourcesBuildPhase;
			buildActionMask = 2147483647;
			files = (
				8A9BCC5A1DA00497002C7081 /* ViewController.swift in Sources */,
				8A9BCC581DA00497002C7081 /* AppDelegate.swift in Sources */,
			);
			runOnlyForDeploymentPostprocessing = 0;
		};
/* End PBXSourcesBuildPhase section */

/* Begin PBXVariantGroup section */
		8A9BCC5B1DA00497002C7081 /* Main.storyboard */ = {
			isa = PBXVariantGroup;
			children = (
				8A9BCC5C1DA00497002C7081 /* Base */,
			);
			name = Main.storyboard;
			sourceTree = "<group>";
		};
		8A9BCC601DA00497002C7081 /* LaunchScreen.storyboard */ = {
			isa = PBXVariantGroup;
			children = (
				8A9BCC611DA00497002C7081 /* Base */,
			);
			name = LaunchScreen.storyboard;
			sourceTree = "<group>";
		};
/* End PBXVariantGroup section */

/* Begin XCBuildConfiguration section */
		8A9BCC641DA00497002C7081 /* Debug */ = {
			isa = XCBuildConfiguration;
			buildSettings = {
				ALWAYS_SEARCH_USER_PATHS = NO;
				CLANG_ANALYZER_NONNULL = YES;
				CLANG_CXX_LANGUAGE_STANDARD = "gnu++0x";
				CLANG_CXX_LIBRARY = "libc++";
				CLANG_ENABLE_MODULES = YES;
				CLANG_ENABLE_OBJC_ARC = YES;
				CLANG_WARN_BOOL_CONVERSION = YES;
				CLANG_WARN_CONSTANT_CONVERSION = YES;
				CLANG_WARN_DIRECT_OBJC_ISA_USAGE = YES_ERROR;
				CLANG_WARN_DOCUMENTATION_COMMENTS = YES;
				CLANG_WARN_EMPTY_BODY = YES;
				CLANG_WARN_ENUM_CONVERSION = YES;
				CLANG_WARN_INFINITE_RECURSION = YES;
				CLANG_WARN_INT_CONVERSION = YES;
				CLANG_WARN_OBJC_ROOT_CLASS = YES_ERROR;
				CLANG_WARN_SUSPICIOUS_MOVES = YES;
				CLANG_WARN_UNREACHABLE_CODE = YES;
				CLANG_WARN__DUPLICATE_METHOD_MATCH = YES;
				"CODE_SIGN_IDENTITY[sdk=iphoneos*]" = "iPhone Developer";
				COPY_PHASE_STRIP = NO;
				DEBUG_INFORMATION_FORMAT = dwarf;
				ENABLE_STRICT_OBJC_MSGSEND = YES;
				ENABLE_TESTABILITY = YES;
				GCC_C_LANGUAGE_STANDARD = gnu99;
				GCC_DYNAMIC_NO_PIC = NO;
				GCC_NO_COMMON_BLOCKS = YES;
				GCC_OPTIMIZATION_LEVEL = 0;
				GCC_PREPROCESSOR_DEFINITIONS = (
					"DEBUG=1",
					"$(inherited)",
				);
				GCC_WARN_64_TO_32_BIT_CONVERSION = YES;
				GCC_WARN_ABOUT_RETURN_TYPE = YES_ERROR;
				GCC_WARN_UNDECLARED_SELECTOR = YES;
				GCC_WARN_UNINITIALIZED_AUTOS = YES_AGGRESSIVE;
				GCC_WARN_UNUSED_FUNCTION = YES;
				GCC_WARN_UNUSED_VARIABLE = YES;
				IPHONEOS_DEPLOYMENT_TARGET = 10.0;
				MTL_ENABLE_DEBUG_INFO = YES;
				ONLY_ACTIVE_ARCH = YES;
				SDKROOT = iphoneos;
				SWIFT_ACTIVE_COMPILATION_CONDITIONS = DEBUG;
				SWIFT_OPTIMIZATION_LEVEL = "-Onone";
				TARGETED_DEVICE_FAMILY = "1,2";
			};
			name = Debug;
		};
		8A9BCC651DA00497002C7081 /* Release */ = {
			isa = XCBuildConfiguration;
			buildSettings = {
				ALWAYS_SEARCH_USER_PATHS = NO;
				CLANG_ANALYZER_NONNULL = YES;
				CLANG_CXX_LANGUAGE_STANDARD = "gnu++0x";
				CLANG_CXX_LIBRARY = "libc++";
				CLANG_ENABLE_MODULES = YES;
				CLANG_ENABLE_OBJC_ARC = YES;
				CLANG_WARN_BOOL_CONVERSION = YES;
				CLANG_WARN_CONSTANT_CONVERSION = YES;
				CLANG_WARN_DIRECT_OBJC_ISA_USAGE = YES_ERROR;
				CLANG_WARN_DOCUMENTATION_COMMENTS = YES;
				CLANG_WARN_EMPTY_BODY = YES;
				CLANG_WARN_ENUM_CONVERSION = YES;
				CLANG_WARN_INFINITE_RECURSION = YES;
				CLANG_WARN_INT_CONVERSION = YES;
				CLANG_WARN_OBJC_ROOT_CLASS = YES_ERROR;
				CLANG_WARN_SUSPICIOUS_MOVES = YES;
				CLANG_WARN_UNREACHABLE_CODE = YES;
				CLANG_WARN__DUPLICATE_METHOD_MATCH = YES;
				"CODE_SIGN_IDENTITY[sdk=iphoneos*]" = "iPhone Developer";
				COPY_PHASE_STRIP = NO;
				DEBUG_INFORMATION_FORMAT = "dwarf-with-dsym";
				ENABLE_NS_ASSERTIONS = NO;
				ENABLE_STRICT_OBJC_MSGSEND = YES;
				GCC_C_LANGUAGE_STANDARD = gnu99;
				GCC_NO_COMMON_BLOCKS = YES;
				GCC_WARN_64_TO_32_BIT_CONVERSION = YES;
				GCC_WARN_ABOUT_RETURN_TYPE = YES_ERROR;
				GCC_WARN_UNDECLARED_SELECTOR = YES;
				GCC_WARN_UNINITIALIZED_AUTOS = YES_AGGRESSIVE;
				GCC_WARN_UNUSED_FUNCTION = YES;
				GCC_WARN_UNUSED_VARIABLE = YES;
				IPHONEOS_DEPLOYMENT_TARGET = 10.0;
				MTL_ENABLE_DEBUG_INFO = NO;
				SDKROOT = iphoneos;
				SWIFT_OPTIMIZATION_LEVEL = "-Owholemodule";
				TARGETED_DEVICE_FAMILY = "1,2";
				VALIDATE_PRODUCT = YES;
			};
			name = Release;
		};
		8A9BCC671DA00497002C7081 /* Debug */ = {
			isa = XCBuildConfiguration;
			buildSettings = {
				ASSETCATALOG_COMPILER_APPICON_NAME = AppIcon;
				INFOPLIST_FILE = DestroytheWorld/Info.plist;
				LD_RUNPATH_SEARCH_PATHS = "$(inherited) @executable_path/Frameworks";
				PRODUCT_BUNDLE_IDENTIFIER = robeab.weebly.DestroytheWorld;
				PRODUCT_NAME = "$(TARGET_NAME)";
				SWIFT_VERSION = 3.0;
			};
			name = Debug;
		};
		8A9BCC681DA00497002C7081 /* Release */ = {
			isa = XCBuildConfiguration;
			buildSettings = {
				ASSETCATALOG_COMPILER_APPICON_NAME = AppIcon;
				INFOPLIST_FILE = DestroytheWorld/Info.plist;
				LD_RUNPATH_SEARCH_PATHS = "$(inherited) @executable_path/Frameworks";
				PRODUCT_BUNDLE_IDENTIFIER = robeab.weebly.DestroytheWorld;
				PRODUCT_NAME = "$(TARGET_NAME)";
				SWIFT_VERSION = 3.0;
			};
			name = Release;
		};
/* End XCBuildConfiguration section */

/* Begin XCConfigurationList section */
		8A9BCC4F1DA00497002C7081 /* Build configuration list for PBXProject "DestroytheWorld" */ = {
			isa = XCConfigurationList;
			buildConfigurations = (
				8A9BCC641DA00497002C7081 /* Debug */,
				8A9BCC651DA00497002C7081 /* Release */,
			);
			defaultConfigurationIsVisible = 0;
			defaultConfigurationName = Release;
		};
		8A9BCC661DA00497002C7081 /* Build configuration list for PBXNativeTarget "DestroytheWorld" */ = {
			isa = XCConfigurationList;
			buildConfigurations = (
				8A9BCC671DA00497002C7081 /* Debug */,
				8A9BCC681DA00497002C7081 /* Release */,
			);
			defaultConfigurationIsVisible = 0;
		};
/* End XCConfigurationList section */
	};
	rootObject = 8A9BCC4C1DA00497002C7081 /* Project object */;
}
